
Microsoft Visual Studio Solution File, Format Version 12.00
# Visual Studio Version 16
VisualStudioVersion = 16.0.31424.327
MinimumVisualStudioVersion = 10.0.40219.1
Project("{FAE04EC0-301F-11D3-BF4B-00C04F79EFBC}") = "decToRom", "decToRom\decToRom.csproj", "{CA7801B5-2038-49D6-A4A7-0D63D5AD1972}"
EndProject
Project("{FAE04EC0-301F-11D3-BF4B-00C04F79EFBC}") = "decToRomTests", "decToRomTests\decToRomTests.csproj", "{C925FFF9-9745-487D-A299-DE7859F94F9B}"
EndProject
Global
	GlobalSection(SolutionConfigurationPlatforms) = preSolution
		Debug|Any CPU = Debug|Any CPU
		Release|Any CPU = Release|Any CPU
	EndGlobalSection
	GlobalSection(ProjectConfigurationPlatforms) = postSolution
		{CA7801B5-2038-49D6-A4A7-0D63D5AD1972}.Debug|Any CPU.ActiveCfg = Debug|Any CPU
		{CA7801B5-2038-49D6-A4A7-0D63D5AD1972}.Debug|Any CPU.Build.0 = Debug|Any CPU
		{CA7801B5-2038-49D6-A4A7-0D63D5AD1972}.Release|Any CPU.ActiveCfg = Release|Any CPU
		{CA7801B5-2038-49D6-A4A7-0D63D5AD1972}.Release|Any CPU.Build.0 = Release|Any CPU
		{C925FFF9-9745-487D-A299-DE7859F94F9B}.Debug|Any CPU.ActiveCfg = Debug|Any CPU
		{C925FFF9-9745-487D-A299-DE7859F94F9B}.Debug|Any CPU.Build.0 = Debug|Any CPU
		{C925FFF9-9745-487D-A299-DE7859F94F9B}.Release|Any CPU.ActiveCfg = Release|Any CPU
		{C925FFF9-9745-487D-A299-DE7859F94F9B}.Release|Any CPU.Build.0 = Release|Any CPU
	EndGlobalSection
	GlobalSection(SolutionProperties) = preSolution
		HideSolutionNode = FALSE
	EndGlobalSection
	GlobalSection(ExtensibilityGlobals) = postSolution
		SolutionGuid = {AB448FE6-245A-4D0B-A17A-892AFE0E896B}
	EndGlobalSection
EndGlobal
